
Microsoft Visual Studio Solution File, Format Version 12.00
# Visual Studio 15
VisualStudioVersion = 15.0.28010.2050
MinimumVisualStudioVersion = 10.0.40219.1
Project("{FAE04EC0-301F-11D3-BF4B-00C04F79EFBC}") = "WindowsFormsApp1", "WindowsFormsApp1\WindowsFormsApp1.csproj", "{04F5CE29-A320-4C98-9803-37B9823460B6}"
EndProject
Global
	GlobalSection(SolutionConfigurationPlatforms) = preSolution
		Debug|Any CPU = Debug|Any CPU
		Release|Any CPU = Release|Any CPU
	EndGlobalSection
	GlobalSection(ProjectConfigurationPlatforms) = postSolution
		{04F5CE29-A320-4C98-9803-37B9823460B6}.Debug|Any CPU.ActiveCfg = Debug|Any CPU
		{04F5CE29-A320-4C98-9803-37B9823460B6}.Debug|Any CPU.Build.0 = Debug|Any CPU
		{04F5CE29-A320-4C98-9803-37B9823460B6}.Release|Any CPU.ActiveCfg = Release|Any CPU
		{04F5CE29-A320-4C98-9803-37B9823460B6}.Release|Any CPU.Build.0 = Release|Any CPU
	EndGlobalSection
	GlobalSection(SolutionProperties) = preSolution
		HideSolutionNode = FALSE
	EndGlobalSection
	GlobalSection(ExtensibilityGlobals) = postSolution
		SolutionGuid = {514281D4-2D69-43D3-91B8-2B0009743AFB}
	EndGlobalSection
EndGlobal
